// !$*UTF8*$!
{
	archiveVersion = 1;
	classes = {
	};
	objectVersion = 46;
	objects = {

/* Begin PBXBuildFile section */
		44229C4C1B0DD0B30089B40E /* main.m in Sources */ = {isa = PBXBuildFile; fileRef = 44229C4B1B0DD0B30089B40E /* main.m */; };
		44229C541B0DD1540089B40E /* AppDelegate.m in Sources */ = {isa = PBXBuildFile; fileRef = 44229C531B0DD1540089B40E /* AppDelegate.m */; };
/* End PBXBuildFile section */

/* Begin PBXCopyFilesBuildPhase section */
		44229C461B0DD0B30089B40E /* CopyFiles */ = {
			isa = PBXCopyFilesBuildPhase;
			buildActionMask = 2147483647;
			dstPath = /usr/share/man/man1/;
			dstSubfolderSpec = 0;
			files = (
			);
			runOnlyForDeploymentPostprocessing = 1;
		};
/* End PBXCopyFilesBuildPhase section */

/* Begin PBXFileReference section */
		44229C481B0DD0B30089B40E /* notifyi */ = {isa = PBXFileReference; explicitFileType = "compiled.mach-o.executable"; includeInIndex = 0; path = notifyi; sourceTree = BUILT_PRODUCTS_DIR; };
		44229C4B1B0DD0B30089B40E /* main.m */ = {isa = PBXFileReference; lastKnownFileType = sourcecode.c.objc; path = main.m; sourceTree = "<group>"; };
		44229C521B0DD1540089B40E /* AppDelegate.h */ = {isa = PBXFileReference; fileEncoding = 4; lastKnownFileType = sourcecode.c.h; path = AppDelegate.h; sourceTree = "<group>"; };
		44229C531B0DD1540089B40E /* AppDelegate.m */ = {isa = PBXFileReference; fileEncoding = 4; lastKnownFileType = sourcecode.c.objc; path = AppDelegate.m; sourceTree = "<group>"; };
/* End PBXFileReference section */

/* Begin PBXFrameworksBuildPhase section */
		44229C451B0DD0B30089B40E /* Frameworks */ = {
			isa = PBXFrameworksBuildPhase;
			buildActionMask = 2147483647;
			files = (
			);
			runOnlyForDeploymentPostprocessing = 0;
		};
/* End PBXFrameworksBuildPhase section */

/* Begin PBXGroup section */
		44229C3F1B0DD0B30089B40E = {
			isa = PBXGroup;
			children = (
				44229C4A1B0DD0B30089B40E /* notifyi */,
				44229C491B0DD0B30089B40E /* Products */,
			);
			sourceTree = "<group>";
		};
		44229C491B0DD0B30089B40E /* Products */ = {
			isa = PBXGroup;
			children = (
				44229C481B0DD0B30089B40E /* notifyi */,
			);
			name = Products;
			sourceTree = "<group>";
		};
		44229C4A1B0DD0B30089B40E /* notifyi */ = {
			isa = PBXGroup;
			children = (
				44229C4B1B0DD0B30089B40E /* main.m */,
				44229C521B0DD1540089B40E /* AppDelegate.h */,
				44229C531B0DD1540089B40E /* AppDelegate.m */,
			);
			path = notifyi;
			sourceTree = "<group>";
		};
/* End PBXGroup section */

/* Begin PBXNativeTarget section */
		44229C471B0DD0B30089B40E /* notifyi */ = {
			isa = PBXNativeTarget;
			buildConfigurationList = 44229C4F1B0DD0B30089B40E /* Build configuration list for PBXNativeTarget "notifyi" */;
			buildPhases = (
				44229C441B0DD0B30089B40E /* Sources */,
				44229C451B0DD0B30089B40E /* Frameworks */,
				44229C461B0DD0B30089B40E /* CopyFiles */,
			);
			buildRules = (
			);
			dependencies = (
			);
			name = notifyi;
			productName = notifyi;
			productReference = 44229C481B0DD0B30089B40E /* notifyi */;
			productType = "com.apple.product-type.tool";
		};
/* End PBXNativeTarget section */

/* Begin PBXProject section */
		44229C401B0DD0B30089B40E /* Project object */ = {
			isa = PBXProject;
			attributes = {
				LastUpgradeCheck = 0630;
				ORGANIZATIONNAME = "Ninja Inc";
				TargetAttributes = {
					44229C471B0DD0B30089B40E = {
						CreatedOnToolsVersion = 6.3.2;
					};
				};
			};
			buildConfigurationList = 44229C431B0DD0B30089B40E /* Build configuration list for PBXProject "notifyi" */;
			compatibilityVersion = "Xcode 3.2";
			developmentRegion = English;
			hasScannedForEncodings = 0;
			knownRegions = (
				en,
			);
			mainGroup = 44229C3F1B0DD0B30089B40E;
			productRefGroup = 44229C491B0DD0B30089B40E /* Products */;
			projectDirPath = "";
			projectRoot = "";
			targets = (
				44229C471B0DD0B30089B40E /* notifyi */,
			);
		};
/* End PBXProject section */

/* Begin PBXSourcesBuildPhase section */
		44229C441B0DD0B30089B40E /* Sources */ = {
			isa = PBXSourcesBuildPhase;
			buildActionMask = 2147483647;
			files = (
				44229C541B0DD1540089B40E /* AppDelegate.m in Sources */,
				44229C4C1B0DD0B30089B40E /* main.m in Sources */,
			);
			runOnlyForDeploymentPostprocessing = 0;
		};
/* End PBXSourcesBuildPhase section */

/* Begin XCBuildConfiguration section */
		44229C4D1B0DD0B30089B40E /* Debug */ = {
			isa = XCBuildConfiguration;
			buildSettings = {
				ALWAYS_SEARCH_USER_PATHS = NO;
				CLANG_CXX_LANGUAGE_STANDARD = "gnu++0x";
				CLANG_CXX_LIBRARY = "libc++";
				CLANG_ENABLE_MODULES = YES;
				CLANG_ENABLE_OBJC_ARC = YES;
				CLANG_WARN_BOOL_CONVERSION = YES;
				CLANG_WARN_CONSTANT_CONVERSION = YES;
				CLANG_WARN_DIRECT_OBJC_ISA_USAGE = YES_ERROR;
				CLANG_WARN_EMPTY_BODY = YES;
				CLANG_WARN_ENUM_CONVERSION = YES;
				CLANG_WARN_INT_CONVERSION = YES;
				CLANG_WARN_OBJC_ROOT_CLASS = YES_ERROR;
				CLANG_WARN_UNREACHABLE_CODE = YES;
				CLANG_WARN__DUPLICATE_METHOD_MATCH = YES;
				COPY_PHASE_STRIP = NO;
				DEBUG_INFORMATION_FORMAT = dwarf;
				ENABLE_STRICT_OBJC_MSGSEND = YES;
				GCC_C_LANGUAGE_STANDARD = gnu99;
				GCC_DYNAMIC_NO_PIC = NO;
				GCC_NO_COMMON_BLOCKS = YES;
				GCC_OPTIMIZATION_LEVEL = 0;
				GCC_PREPROCESSOR_DEFINITIONS = (
					"DEBUG=1",
					"$(inherited)",
				);
				GCC_SYMBOLS_PRIVATE_EXTERN = NO;
				GCC_WARN_64_TO_32_BIT_CONVERSION = YES;
				GCC_WARN_ABOUT_RETURN_TYPE = YES_ERROR;
				GCC_WARN_UNDECLARED_SELECTOR = YES;
				GCC_WARN_UNINITIALIZED_AUTOS = YES_AGGRESSIVE;
				GCC_WARN_UNUSED_FUNCTION = YES;
				GCC_WARN_UNUSED_VARIABLE = YES;
				MACOSX_DEPLOYMENT_TARGET = 10.10;
				MTL_ENABLE_DEBUG_INFO = YES;
				ONLY_ACTIVE_ARCH = YES;
				SDKROOT = macosx;
			};
			name = Debug;
		};
		44229C4E1B0DD0B30089B40E /* Release */ = {
			isa = XCBuildConfiguration;
			buildSettings = {
				ALWAYS_SEARCH_USER_PATHS = NO;
				CLANG_CXX_LANGUAGE_STANDARD = "gnu++0x";
				CLANG_CXX_LIBRARY = "libc++";
				CLANG_ENABLE_MODULES = YES;
				CLANG_ENABLE_OBJC_ARC = YES;
				CLANG_WARN_BOOL_CONVERSION = YES;
				CLANG_WARN_CONSTANT_CONVERSION = YES;
				CLANG_WARN_DIRECT_OBJC_ISA_USAGE = YES_ERROR;
				CLANG_WARN_EMPTY_BODY = YES;
				CLANG_WARN_ENUM_CONVERSION = YES;
				CLANG_WARN_INT_CONVERSION = YES;
				CLANG_WARN_OBJC_ROOT_CLASS = YES_ERROR;
				CLANG_WARN_UNREACHABLE_CODE = YES;
				CLANG_WARN__DUPLICATE_METHOD_MATCH = YES;
				COPY_PHASE_STRIP = NO;
				DEBUG_INFORMATION_FORMAT = "dwarf-with-dsym";
				ENABLE_NS_ASSERTIONS = NO;
				ENABLE_STRICT_OBJC_MSGSEND = YES;
				GCC_C_LANGUAGE_STANDARD = gnu99;
				GCC_NO_COMMON_BLOCKS = YES;
				GCC_WARN_64_TO_32_BIT_CONVERSION = YES;
				GCC_WARN_ABOUT_RETURN_TYPE = YES_ERROR;
				GCC_WARN_UNDECLARED_SELECTOR = YES;
				GCC_WARN_UNINITIALIZED_AUTOS = YES_AGGRESSIVE;
				GCC_WARN_UNUSED_FUNCTION = YES;
				GCC_WARN_UNUSED_VARIABLE = YES;
				MACOSX_DEPLOYMENT_TARGET = 10.10;
				MTL_ENABLE_DEBUG_INFO = NO;
				SDKROOT = macosx;
			};
			name = Release;
		};
		44229C501B0DD0B30089B40E /* Debug */ = {
			isa = XCBuildConfiguration;
			buildSettings = {
				PRODUCT_NAME = "$(TARGET_NAME)";
			};
			name = Debug;
		};
		44229C511B0DD0B30089B40E /* Release */ = {
			isa = XCBuildConfiguration;
			buildSettings = {
				PRODUCT_NAME = "$(TARGET_NAME)";
			};
			name = Release;
		};
/* End XCBuildConfiguration section */

/* Begin XCConfigurationList section */
		44229C431B0DD0B30089B40E /* Build configuration list for PBXProject "notifyi" */ = {
			isa = XCConfigurationList;
			buildConfigurations = (
				44229C4D1B0DD0B30089B40E /* Debug */,
				44229C4E1B0DD0B30089B40E /* Release */,
			);
			defaultConfigurationIsVisible = 0;
			defaultConfigurationName = Release;
		};
		44229C4F1B0DD0B30089B40E /* Build configuration list for PBXNativeTarget "notifyi" */ = {
			isa = XCConfigurationList;
			buildConfigurations = (
				44229C501B0DD0B30089B40E /* Debug */,
				44229C511B0DD0B30089B40E /* Release */,
			);
			defaultConfigurationIsVisible = 0;
		};
/* End XCConfigurationList section */
	};
	rootObject = 44229C401B0DD0B30089B40E /* Project object */;
}
